
Microsoft Visual Studio Solution File, Format Version 12.00
# Visual Studio Version 17
VisualStudioVersion = 17.14.36414.22 d17.14
MinimumVisualStudioVersion = 10.0.40219.1
Project("{FAE04EC0-301F-11D3-BF4B-00C04F79EFBC}") = "NZWalks.API", "NZWalks.API\NZWalks.API.csproj", "{91EE705B-7DE0-480D-BF99-32557FEC9AD6}"
EndProject
Global
	GlobalSection(SolutionConfigurationPlatforms) = preSolution
		Debug|Any CPU = Debug|Any CPU
		Release|Any CPU = Release|Any CPU
	EndGlobalSection
	GlobalSection(ProjectConfigurationPlatforms) = postSolution
		{91EE705B-7DE0-480D-BF99-32557FEC9AD6}.Debug|Any CPU.ActiveCfg = Debug|Any CPU
		{91EE705B-7DE0-480D-BF99-32557FEC9AD6}.Debug|Any CPU.Build.0 = Debug|Any CPU
		{91EE705B-7DE0-480D-BF99-32557FEC9AD6}.Release|Any CPU.ActiveCfg = Release|Any CPU
		{91EE705B-7DE0-480D-BF99-32557FEC9AD6}.Release|Any CPU.Build.0 = Release|Any CPU
	EndGlobalSection
	GlobalSection(SolutionProperties) = preSolution
		HideSolutionNode = FALSE
	EndGlobalSection
	GlobalSection(ExtensibilityGlobals) = postSolution
		SolutionGuid = {820583C6-BD5E-4AB1-86F0-6495781E37D4}
	EndGlobalSection
EndGlobal
